{
  "name": "@web-atoms/entity",
  "version": "1.0.2",
  "lockfileVersion": 2,
  "requires": true,
  "packages": {
    "": {
      "name": "@web-atoms/entity",
      "version": "1.0.2",
      "license": "ISC",
      "dependencies": {
        "@web-atoms/core": "^2.1.1",
        "@web-atoms/date-time": "^1.0.26",
        "@web-atoms/module-loader": "^2.0.5",
        "@web-atoms/web-controls": "^2.1.1",
        "reflect-metadata": "^0.1.13"
      }
    },
    "node_modules/@web-atoms/core": {
      "version": "2.1.8",
      "resolved": "https://registry.npmjs.org/@web-atoms/core/-/core-2.1.8.tgz",
      "integrity": "sha512-6NP6rSnNYw/5DKVQk02LduoeHjjztDvaEUt+NDay6ubkLrFV7il2AlFSg+YLmxzRsm0HM1AW2svsyBriT+l0FQ==",
      "dependencies": {
        "@web-atoms/date-time": "^1.0.26",
        "reflect-metadata": "^0.1.13"
      }
    },
    "node_modules/@web-atoms/date-time": {
      "version": "1.0.26",
      "resolved": "https://registry.npmjs.org/@web-atoms/date-time/-/date-time-1.0.26.tgz",
      "integrity": "sha512-tMtmCjYOK537j8DNj5vsqm7SUYVZ+IUvg8UGsPGF+2z3lsURBsggWPulnBc3yliB1aBMZwRKuJfzbjKgVKPoag=="
    },
    "node_modules/@web-atoms/module-loader": {
      "version": "2.0.44",
      "resolved": "https://registry.npmjs.org/@web-atoms/module-loader/-/module-loader-2.0.44.tgz",
      "integrity": "sha512-9CBri2QCjoLwNImS1T5Z2qvV/buW3CptgNbPII9ZxExLmamVyLVm5fsj1cZGPD8AUI/kQJhlNWILZtGLPFKGBQ=="
    },
    "node_modules/@web-atoms/web-controls": {
      "version": "2.1.1",
      "resolved": "https://registry.npmjs.org/@web-atoms/web-controls/-/web-controls-2.1.1.tgz",
      "integrity": "sha512-j5YvEO5qQvYEe9Q2Bk0R+s/xu+Bw/0XQXLdHCVDu7+yZQet7hsZmKbyBJE3lJU70MKiuJvv3HgxRDFB0SpEaqA==",
      "dependencies": {
        "@web-atoms/core": "^2.1.0",
        "@web-atoms/date-time": "^1.0.26",
        "@web-atoms/module-loader": "^2.0.9",
        "reflect-metadata": "^0.1.13"
      }
    },
    "node_modules/reflect-metadata": {
      "version": "0.1.13",
      "resolved": "https://registry.npmjs.org/reflect-metadata/-/reflect-metadata-0.1.13.tgz",
      "integrity": "sha512-Ts1Y/anZELhSsjMcU605fU9RE4Oi3p5ORujwbIKXfWa+0Zxs510Qrmrce5/Jowq3cHSZSJqBjypxmHarc+vEWg=="
    }
  },
  "dependencies": {
    "@web-atoms/core": {
      "version": "2.1.8",
      "resolved": "https://registry.npmjs.org/@web-atoms/core/-/core-2.1.8.tgz",
      "integrity": "sha512-6NP6rSnNYw/5DKVQk02LduoeHjjztDvaEUt+NDay6ubkLrFV7il2AlFSg+YLmxzRsm0HM1AW2svsyBriT+l0FQ==",
      "requires": {
        "@web-atoms/date-time": "^1.0.26",
        "reflect-metadata": "^0.1.13"
      }
    },
    "@web-atoms/date-time": {
      "version": "1.0.26",
      "resolved": "https://registry.npmjs.org/@web-atoms/date-time/-/date-time-1.0.26.tgz",
      "integrity": "sha512-tMtmCjYOK537j8DNj5vsqm7SUYVZ+IUvg8UGsPGF+2z3lsURBsggWPulnBc3yliB1aBMZwRKuJfzbjKgVKPoag=="
    },
    "@web-atoms/module-loader": {
      "version": "2.0.44",
      "resolved": "https://registry.npmjs.org/@web-atoms/module-loader/-/module-loader-2.0.44.tgz",
      "integrity": "sha512-9CBri2QCjoLwNImS1T5Z2qvV/buW3CptgNbPII9ZxExLmamVyLVm5fsj1cZGPD8AUI/kQJhlNWILZtGLPFKGBQ=="
    },
    "@web-atoms/web-controls": {
      "version": "2.1.1",
      "resolved": "https://registry.npmjs.org/@web-atoms/web-controls/-/web-controls-2.1.1.tgz",
      "integrity": "sha512-j5YvEO5qQvYEe9Q2Bk0R+s/xu+Bw/0XQXLdHCVDu7+yZQet7hsZmKbyBJE3lJU70MKiuJvv3HgxRDFB0SpEaqA==",
      "requires": {
        "@web-atoms/core": "^2.1.0",
        "@web-atoms/date-time": "^1.0.26",
        "@web-atoms/module-loader": "^2.0.9",
        "reflect-metadata": "^0.1.13"
      }
    },
    "reflect-metadata": {
      "version": "0.1.13",
      "resolved": "https://registry.npmjs.org/reflect-metadata/-/reflect-metadata-0.1.13.tgz",
      "integrity": "sha512-Ts1Y/anZELhSsjMcU605fU9RE4Oi3p5ORujwbIKXfWa+0Zxs510Qrmrce5/Jowq3cHSZSJqBjypxmHarc+vEWg=="
    }
  }
}
