{
  "name": "@web-atoms/entity",
  "version": "2.0.30",
  "lockfileVersion": 2,
  "requires": true,
  "packages": {
    "": {
      "name": "@web-atoms/entity",
      "version": "2.0.30",
      "license": "ISC",
      "dependencies": {
        "@web-atoms/date-time": "^1.0.26",
        "reflect-metadata": "^0.1.13"
      }
    },
    "node_modules/@web-atoms/date-time": {
      "version": "1.0.26",
      "resolved": "https://registry.npmjs.org/@web-atoms/date-time/-/date-time-1.0.26.tgz",
      "integrity": "sha512-tMtmCjYOK537j8DNj5vsqm7SUYVZ+IUvg8UGsPGF+2z3lsURBsggWPulnBc3yliB1aBMZwRKuJfzbjKgVKPoag=="
    },
    "node_modules/reflect-metadata": {
      "version": "0.1.13",
      "resolved": "https://registry.npmjs.org/reflect-metadata/-/reflect-metadata-0.1.13.tgz",
      "integrity": "sha512-Ts1Y/anZELhSsjMcU605fU9RE4Oi3p5ORujwbIKXfWa+0Zxs510Qrmrce5/Jowq3cHSZSJqBjypxmHarc+vEWg=="
    }
  },
  "dependencies": {
    "@web-atoms/date-time": {
      "version": "1.0.26",
      "resolved": "https://registry.npmjs.org/@web-atoms/date-time/-/date-time-1.0.26.tgz",
      "integrity": "sha512-tMtmCjYOK537j8DNj5vsqm7SUYVZ+IUvg8UGsPGF+2z3lsURBsggWPulnBc3yliB1aBMZwRKuJfzbjKgVKPoag=="
    },
    "reflect-metadata": {
      "version": "0.1.13",
      "resolved": "https://registry.npmjs.org/reflect-metadata/-/reflect-metadata-0.1.13.tgz",
      "integrity": "sha512-Ts1Y/anZELhSsjMcU605fU9RE4Oi3p5ORujwbIKXfWa+0Zxs510Qrmrce5/Jowq3cHSZSJqBjypxmHarc+vEWg=="
    }
  }
}
